# This file is automatically @generated by Cargo.
# It is not intended for manual editing.
version = 4

[[package]]
name = "paymint-cli"
version = "0.1.0"
dependencies = [
 "paymint-core",
]

[[package]]
name = "paymint-core"
version = "0.1.0"

[[package]]
name = "paymint-server"
version = "0.1.0"
dependencies = [
 "paymint-core",
]
